
Microsoft Visual Studio Solution File, Format Version 12.00
# Visual Studio 15
VisualStudioVersion = 15.0.28307.1267
MinimumVisualStudioVersion = 10.0.40219.1
Project("{8BC9CEB8-8B4A-11D0-8D11-00A0C91BC942}") = "IRobotDLL", "IRobotDLL\IRobotDLL.vcxproj", "{AF4C2287-6A4D-4EE0-A255-2B6DF7BA8D5C}"
EndProject
Global
	GlobalSection(SolutionConfigurationPlatforms) = preSolution
		Debug|x64 = Debug|x64
		Debug|x86 = Debug|x86
		Release|x64 = Release|x64
		Release|x86 = Release|x86
	EndGlobalSection
	GlobalSection(ProjectConfigurationPlatforms) = postSolution
		{AF4C2287-6A4D-4EE0-A255-2B6DF7BA8D5C}.Debug|x64.ActiveCfg = Debug|x64
		{AF4C2287-6A4D-4EE0-A255-2B6DF7BA8D5C}.Debug|x64.Build.0 = Debug|x64
		{AF4C2287-6A4D-4EE0-A255-2B6DF7BA8D5C}.Debug|x86.ActiveCfg = Debug|Win32
		{AF4C2287-6A4D-4EE0-A255-2B6DF7BA8D5C}.Debug|x86.Build.0 = Debug|Win32
		{AF4C2287-6A4D-4EE0-A255-2B6DF7BA8D5C}.Release|x64.ActiveCfg = Release|x64
		{AF4C2287-6A4D-4EE0-A255-2B6DF7BA8D5C}.Release|x64.Build.0 = Release|x64
		{AF4C2287-6A4D-4EE0-A255-2B6DF7BA8D5C}.Release|x86.ActiveCfg = Release|Win32
		{AF4C2287-6A4D-4EE0-A255-2B6DF7BA8D5C}.Release|x86.Build.0 = Release|Win32
	EndGlobalSection
	GlobalSection(SolutionProperties) = preSolution
		HideSolutionNode = FALSE
	EndGlobalSection
	GlobalSection(ExtensibilityGlobals) = postSolution
		SolutionGuid = {623B8033-D6F2-4C81-A9C6-05C853DB0A8D}
	EndGlobalSection
EndGlobal
